{
  "name": "Copyfile",
  "lockfileVersion": 2,
  "requires": true,
  "packages": {
    "": {
      "dependencies": {
        "cli-autocomplete": "^0.4.3"
      }
    },
    "node_modules/ansi-escapes": {
      "version": "2.0.0",
      "resolved": "https://registry.npmjs.org/ansi-escapes/-/ansi-escapes-2.0.0.tgz",
      "integrity": "sha1-W65SvkJIeN2Xg+iRDj/Cki6DyBs=",
      "engines": {
        "node": ">=4"
      }
    },
    "node_modules/chalk": {
      "version": "1.1.3",
      "resolved": "https://registry.npmjs.org/chalk/-/chalk-1.1.3.tgz",
      "integrity": "sha1-qBFcVeSnAv5NFQq9OHKCKn4J/Jg=",
      "dependencies": {
        "ansi-styles": "^2.2.1",
        "escape-string-regexp": "^1.0.2",
        "has-ansi": "^2.0.0",
        "strip-ansi": "^3.0.0",
        "supports-color": "^2.0.0"
      },
      "engines": {
        "node": ">=0.10.0"
      }
    },
    "node_modules/chalk/node_modules/ansi-regex": {
      "version": "2.1.1",
      "resolved": "https://registry.npmjs.org/ansi-regex/-/ansi-regex-2.1.1.tgz",
      "integrity": "sha1-w7M6te42DYbg5ijwRorn7yfWVN8=",
      "engines": {
        "node": ">=0.10.0"
      }
    },
    "node_modules/chalk/node_modules/ansi-styles": {
      "version": "2.2.1",
      "resolved": "https://registry.npmjs.org/ansi-styles/-/ansi-styles-2.2.1.tgz",
      "integrity": "sha1-tDLdM1i2NM914eRmQ2gkBTPB3b4=",
      "engines": {
        "node": ">=0.10.0"
      }
    },
    "node_modules/chalk/node_modules/strip-ansi": {
      "version": "3.0.1",
      "resolved": "https://registry.npmjs.org/strip-ansi/-/strip-ansi-3.0.1.tgz",
      "integrity": "sha1-ajhfuIU9lS1f8F0Oiq+UJ43GPc8=",
      "dependencies": {
        "ansi-regex": "^2.0.0"
      },
      "engines": {
        "node": ">=0.10.0"
      }
    },
    "node_modules/cli-autocomplete": {
      "version": "0.4.3",
      "resolved": "https://registry.npmjs.org/cli-autocomplete/-/cli-autocomplete-0.4.3.tgz",
      "integrity": "sha512-dBhEZYARJmlVMf+gZPuklrFLUvuFXYz0zjE6HlJdS93ltpC0WK5xWqX5Ynib6fBE97JGWeiyZodQ4tlQoYo43w==",
      "deprecated": "Use the autocomplete prompt from the enquirer package.",
      "dependencies": {
        "ansi-escapes": "^2.0.0",
        "chalk": "^1.1.1",
        "cli-styles": "^0.6.2",
        "prompt-skeleton": "^0.4.0",
        "so": "^1.0.1",
        "strip-ansi": "^3.0.1"
      },
      "engines": {
        "node": ">=4"
      }
    },
    "node_modules/cli-autocomplete/node_modules/ansi-regex": {
      "version": "2.1.1",
      "resolved": "https://registry.npmjs.org/ansi-regex/-/ansi-regex-2.1.1.tgz",
      "integrity": "sha1-w7M6te42DYbg5ijwRorn7yfWVN8=",
      "engines": {
        "node": ">=0.10.0"
      }
    },
    "node_modules/cli-autocomplete/node_modules/strip-ansi": {
      "version": "3.0.1",
      "resolved": "https://registry.npmjs.org/strip-ansi/-/strip-ansi-3.0.1.tgz",
      "integrity": "sha1-ajhfuIU9lS1f8F0Oiq+UJ43GPc8=",
      "dependencies": {
        "ansi-regex": "^2.0.0"
      },
      "engines": {
        "node": ">=0.10.0"
      }
    },
    "node_modules/cli-styles": {
      "version": "0.6.2",
      "resolved": "https://registry.npmjs.org/cli-styles/-/cli-styles-0.6.2.tgz",
      "integrity": "sha512-6U6UYJlsx6Ok53PKioqDui23OrJoCKUFWLxEP8nxRSWMZnZ9zSXuNa+f13Nfl+PsTKM651uj7WPEYmpINJUuIQ==",
      "dependencies": {
        "ansi-escapes": "^1.4.0",
        "chalk": "^1.1.3",
        "figures": "^2",
        "line-count": "^0.1.0",
        "split-lines": "^1.1.0",
        "string-width": "^2.0.0",
        "window-size": "^0.3.0"
      },
      "engines": {
        "node": ">=6"
      }
    },
    "node_modules/cli-styles/node_modules/ansi-escapes": {
      "version": "1.4.0",
      "resolved": "https://registry.npmjs.org/ansi-escapes/-/ansi-escapes-1.4.0.tgz",
      "integrity": "sha1-06ioOzGapneTZisT52HHkRQiMG4=",
      "engines": {
        "node": ">=0.10.0"
      }
    },
    "node_modules/cli-styles/node_modules/ansi-regex": {
      "version": "3.0.0",
      "resolved": "https://registry.npmjs.org/ansi-regex/-/ansi-regex-3.0.0.tgz",
      "integrity": "sha1-7QMXwyIGT3lGbAKWa922Bas32Zg=",
      "engines": {
        "node": ">=4"
      }
    },
    "node_modules/cli-styles/node_modules/is-fullwidth-code-point": {
      "version": "2.0.0",
      "resolved": "https://registry.npmjs.org/is-fullwidth-code-point/-/is-fullwidth-code-point-2.0.0.tgz",
      "integrity": "sha1-o7MKXE8ZkYMWeqq5O+764937ZU8=",
      "engines": {
        "node": ">=4"
      }
    },
    "node_modules/cli-styles/node_modules/string-width": {
      "version": "2.1.1",
      "resolved": "https://registry.npmjs.org/string-width/-/string-width-2.1.1.tgz",
      "integrity": "sha512-nOqH59deCq9SRHlxq1Aw85Jnt4w6KvLKqWVik6oA9ZklXLNIOlqg4F2yrT1MVaTjAqvVwdfeZ7w7aCvJD7ugkw==",
      "dependencies": {
        "is-fullwidth-code-point": "^2.0.0",
        "strip-ansi": "^4.0.0"
      },
      "engines": {
        "node": ">=4"
      }
    },
    "node_modules/cli-styles/node_modules/strip-ansi": {
      "version": "4.0.0",
      "resolved": "https://registry.npmjs.org/strip-ansi/-/strip-ansi-4.0.0.tgz",
      "integrity": "sha1-qEeQIusaw2iocTibY1JixQXuNo8=",
      "dependencies": {
        "ansi-regex": "^3.0.0"
      },
      "engines": {
        "node": ">=4"
      }
    },
    "node_modules/escape-string-regexp": {
      "version": "1.0.5",
      "resolved": "https://registry.npmjs.org/escape-string-regexp/-/escape-string-regexp-1.0.5.tgz",
      "integrity": "sha1-G2HAViGQqN/2rjuyzwIAyhMLhtQ=",
      "engines": {
        "node": ">=0.8.0"
      }
    },
    "node_modules/figures": {
      "version": "2.0.0",
      "resolved": "https://registry.npmjs.org/figures/-/figures-2.0.0.tgz",
      "integrity": "sha1-OrGi0qYsi/tDGgyUy3l6L84nyWI=",
      "dependencies": {
        "escape-string-regexp": "^1.0.5"
      },
      "engines": {
        "node": ">=4"
      }
    },
    "node_modules/has-ansi": {
      "version": "2.0.0",
      "resolved": "https://registry.npmjs.org/has-ansi/-/has-ansi-2.0.0.tgz",
      "integrity": "sha1-NPUEnOHs3ysGSa8+8k5F7TVBbZE=",
      "dependencies": {
        "ansi-regex": "^2.0.0"
      },
      "engines": {
        "node": ">=0.10.0"
      }
    },
    "node_modules/has-ansi/node_modules/ansi-regex": {
      "version": "2.1.1",
      "resolved": "https://registry.npmjs.org/ansi-regex/-/ansi-regex-2.1.1.tgz",
      "integrity": "sha1-w7M6te42DYbg5ijwRorn7yfWVN8=",
      "engines": {
        "node": ">=0.10.0"
      }
    },
    "node_modules/line-count": {
      "version": "0.1.0",
      "resolved": "https://registry.npmjs.org/line-count/-/line-count-0.1.0.tgz",
      "integrity": "sha1-N0n/NxWYDBkjCW/4aUKDFrwirzU=",
      "engines": {
        "node": ">=0.10.0"
      }
    },
    "node_modules/pass-stream": {
      "version": "0.1.5",
      "resolved": "https://registry.npmjs.org/pass-stream/-/pass-stream-0.1.5.tgz",
      "integrity": "sha1-njr6TVglzdE3YHW9tW3jbfszZJ8=",
      "dependencies": {
        "readable-stream": "https://github.com/jeffbski/readable-stream/archive/v1.0.2-object-transform2-ret-self.tar.gz"
      },
      "engines": {
        "node": ">=0.8"
      }
    },
    "node_modules/pass-stream/node_modules/readable-stream": {
      "version": "1.0.2",
      "resolved": "https://github.com/jeffbski/readable-stream/archive/v1.0.2-object-transform2-ret-self.tar.gz",
      "integrity": "sha512-4DfqsAX+1OToUZ/uHLsC3NUHN7wCn2BNfkG/Eyr2ii4c4suSipjLFbVymS7pj49+aRcSutnK9dIuHS3X7fwApQ==",
      "license": "BSD"
    },
    "node_modules/prompt-skeleton": {
      "version": "0.4.0",
      "resolved": "https://registry.npmjs.org/prompt-skeleton/-/prompt-skeleton-0.4.0.tgz",
      "integrity": "sha1-MmksP1JKO0a5+nImRBjALR/D0OQ=",
      "dependencies": {
        "ansi-escapes": "^1.3",
        "pass-stream": "^0.1.5"
      },
      "engines": {
        "node": ">=4"
      }
    },
    "node_modules/prompt-skeleton/node_modules/ansi-escapes": {
      "version": "1.4.0",
      "resolved": "https://registry.npmjs.org/ansi-escapes/-/ansi-escapes-1.4.0.tgz",
      "integrity": "sha1-06ioOzGapneTZisT52HHkRQiMG4=",
      "engines": {
        "node": ">=0.10.0"
      }
    },
    "node_modules/so": {
      "version": "1.0.1",
      "resolved": "https://registry.npmjs.org/so/-/so-1.0.1.tgz",
      "integrity": "sha1-inkaBsgjwJCIUbttxlt1gxhbrfE="
    },
    "node_modules/split-lines": {
      "version": "1.1.0",
      "resolved": "https://registry.npmjs.org/split-lines/-/split-lines-1.1.0.tgz",
      "integrity": "sha1-Oruo9ZhhQUL5240nq2q4dWYqHgk=",
      "engines": {
        "node": ">=0.10.0"
      }
    },
    "node_modules/supports-color": {
      "version": "2.0.0",
      "resolved": "https://registry.npmjs.org/supports-color/-/supports-color-2.0.0.tgz",
      "integrity": "sha1-U10EXOa2Nj+kARcIRimZXp3zJMc=",
      "engines": {
        "node": ">=0.8.0"
      }
    },
    "node_modules/window-size": {
      "version": "0.3.0",
      "resolved": "https://registry.npmjs.org/window-size/-/window-size-0.3.0.tgz",
      "integrity": "sha1-uPC2bjJdIhYHUeSWM35EtFtydUY=",
      "bin": {
        "window-size": "cli.js"
      },
      "engines": {
        "node": ">= 0.10.0"
      }
    }
  },
  "dependencies": {
    "ansi-escapes": {
      "version": "2.0.0",
      "resolved": "https://registry.npmjs.org/ansi-escapes/-/ansi-escapes-2.0.0.tgz",
      "integrity": "sha1-W65SvkJIeN2Xg+iRDj/Cki6DyBs="
    },
    "chalk": {
      "version": "1.1.3",
      "resolved": "https://registry.npmjs.org/chalk/-/chalk-1.1.3.tgz",
      "integrity": "sha1-qBFcVeSnAv5NFQq9OHKCKn4J/Jg=",
      "requires": {
        "ansi-styles": "^2.2.1",
        "escape-string-regexp": "^1.0.2",
        "has-ansi": "^2.0.0",
        "strip-ansi": "^3.0.0",
        "supports-color": "^2.0.0"
      },
      "dependencies": {
        "ansi-regex": {
          "version": "2.1.1",
          "resolved": "https://registry.npmjs.org/ansi-regex/-/ansi-regex-2.1.1.tgz",
          "integrity": "sha1-w7M6te42DYbg5ijwRorn7yfWVN8="
        },
        "ansi-styles": {
          "version": "2.2.1",
          "resolved": "https://registry.npmjs.org/ansi-styles/-/ansi-styles-2.2.1.tgz",
          "integrity": "sha1-tDLdM1i2NM914eRmQ2gkBTPB3b4="
        },
        "strip-ansi": {
          "version": "3.0.1",
          "resolved": "https://registry.npmjs.org/strip-ansi/-/strip-ansi-3.0.1.tgz",
          "integrity": "sha1-ajhfuIU9lS1f8F0Oiq+UJ43GPc8=",
          "requires": {
            "ansi-regex": "^2.0.0"
          }
        }
      }
    },
    "cli-autocomplete": {
      "version": "0.4.3",
      "resolved": "https://registry.npmjs.org/cli-autocomplete/-/cli-autocomplete-0.4.3.tgz",
      "integrity": "sha512-dBhEZYARJmlVMf+gZPuklrFLUvuFXYz0zjE6HlJdS93ltpC0WK5xWqX5Ynib6fBE97JGWeiyZodQ4tlQoYo43w==",
      "requires": {
        "ansi-escapes": "^2.0.0",
        "chalk": "^1.1.1",
        "cli-styles": "^0.6.2",
        "prompt-skeleton": "^0.4.0",
        "so": "^1.0.1",
        "strip-ansi": "^3.0.1"
      },
      "dependencies": {
        "ansi-regex": {
          "version": "2.1.1",
          "resolved": "https://registry.npmjs.org/ansi-regex/-/ansi-regex-2.1.1.tgz",
          "integrity": "sha1-w7M6te42DYbg5ijwRorn7yfWVN8="
        },
        "strip-ansi": {
          "version": "3.0.1",
          "resolved": "https://registry.npmjs.org/strip-ansi/-/strip-ansi-3.0.1.tgz",
          "integrity": "sha1-ajhfuIU9lS1f8F0Oiq+UJ43GPc8=",
          "requires": {
            "ansi-regex": "^2.0.0"
          }
        }
      }
    },
    "cli-styles": {
      "version": "0.6.2",
      "resolved": "https://registry.npmjs.org/cli-styles/-/cli-styles-0.6.2.tgz",
      "integrity": "sha512-6U6UYJlsx6Ok53PKioqDui23OrJoCKUFWLxEP8nxRSWMZnZ9zSXuNa+f13Nfl+PsTKM651uj7WPEYmpINJUuIQ==",
      "requires": {
        "ansi-escapes": "^1.4.0",
        "chalk": "^1.1.3",
        "figures": "^2",
        "line-count": "^0.1.0",
        "split-lines": "^1.1.0",
        "string-width": "^2.0.0",
        "window-size": "^0.3.0"
      },
      "dependencies": {
        "ansi-escapes": {
          "version": "1.4.0",
          "resolved": "https://registry.npmjs.org/ansi-escapes/-/ansi-escapes-1.4.0.tgz",
          "integrity": "sha1-06ioOzGapneTZisT52HHkRQiMG4="
        },
        "ansi-regex": {
          "version": "3.0.0",
          "resolved": "https://registry.npmjs.org/ansi-regex/-/ansi-regex-3.0.0.tgz",
          "integrity": "sha1-7QMXwyIGT3lGbAKWa922Bas32Zg="
        },
        "is-fullwidth-code-point": {
          "version": "2.0.0",
          "resolved": "https://registry.npmjs.org/is-fullwidth-code-point/-/is-fullwidth-code-point-2.0.0.tgz",
          "integrity": "sha1-o7MKXE8ZkYMWeqq5O+764937ZU8="
        },
        "string-width": {
          "version": "2.1.1",
          "resolved": "https://registry.npmjs.org/string-width/-/string-width-2.1.1.tgz",
          "integrity": "sha512-nOqH59deCq9SRHlxq1Aw85Jnt4w6KvLKqWVik6oA9ZklXLNIOlqg4F2yrT1MVaTjAqvVwdfeZ7w7aCvJD7ugkw==",
          "requires": {
            "is-fullwidth-code-point": "^2.0.0",
            "strip-ansi": "^4.0.0"
          }
        },
        "strip-ansi": {
          "version": "4.0.0",
          "resolved": "https://registry.npmjs.org/strip-ansi/-/strip-ansi-4.0.0.tgz",
          "integrity": "sha1-qEeQIusaw2iocTibY1JixQXuNo8=",
          "requires": {
            "ansi-regex": "^3.0.0"
          }
        }
      }
    },
    "escape-string-regexp": {
      "version": "1.0.5",
      "resolved": "https://registry.npmjs.org/escape-string-regexp/-/escape-string-regexp-1.0.5.tgz",
      "integrity": "sha1-G2HAViGQqN/2rjuyzwIAyhMLhtQ="
    },
    "figures": {
      "version": "2.0.0",
      "resolved": "https://registry.npmjs.org/figures/-/figures-2.0.0.tgz",
      "integrity": "sha1-OrGi0qYsi/tDGgyUy3l6L84nyWI=",
      "requires": {
        "escape-string-regexp": "^1.0.5"
      }
    },
    "has-ansi": {
      "version": "2.0.0",
      "resolved": "https://registry.npmjs.org/has-ansi/-/has-ansi-2.0.0.tgz",
      "integrity": "sha1-NPUEnOHs3ysGSa8+8k5F7TVBbZE=",
      "requires": {
        "ansi-regex": "^2.0.0"
      },
      "dependencies": {
        "ansi-regex": {
          "version": "2.1.1",
          "resolved": "https://registry.npmjs.org/ansi-regex/-/ansi-regex-2.1.1.tgz",
          "integrity": "sha1-w7M6te42DYbg5ijwRorn7yfWVN8="
        }
      }
    },
    "line-count": {
      "version": "0.1.0",
      "resolved": "https://registry.npmjs.org/line-count/-/line-count-0.1.0.tgz",
      "integrity": "sha1-N0n/NxWYDBkjCW/4aUKDFrwirzU="
    },
    "pass-stream": {
      "version": "0.1.5",
      "resolved": "https://registry.npmjs.org/pass-stream/-/pass-stream-0.1.5.tgz",
      "integrity": "sha1-njr6TVglzdE3YHW9tW3jbfszZJ8=",
      "requires": {
        "readable-stream": "https://github.com/jeffbski/readable-stream/archive/v1.0.2-object-transform2-ret-self.tar.gz"
      },
      "dependencies": {
        "readable-stream": {
          "version": "https://github.com/jeffbski/readable-stream/archive/v1.0.2-object-transform2-ret-self.tar.gz",
          "integrity": "sha512-4DfqsAX+1OToUZ/uHLsC3NUHN7wCn2BNfkG/Eyr2ii4c4suSipjLFbVymS7pj49+aRcSutnK9dIuHS3X7fwApQ=="
        }
      }
    },
    "prompt-skeleton": {
      "version": "0.4.0",
      "resolved": "https://registry.npmjs.org/prompt-skeleton/-/prompt-skeleton-0.4.0.tgz",
      "integrity": "sha1-MmksP1JKO0a5+nImRBjALR/D0OQ=",
      "requires": {
        "ansi-escapes": "^1.3",
        "pass-stream": "^0.1.5"
      },
      "dependencies": {
        "ansi-escapes": {
          "version": "1.4.0",
          "resolved": "https://registry.npmjs.org/ansi-escapes/-/ansi-escapes-1.4.0.tgz",
          "integrity": "sha1-06ioOzGapneTZisT52HHkRQiMG4="
        }
      }
    },
    "so": {
      "version": "1.0.1",
      "resolved": "https://registry.npmjs.org/so/-/so-1.0.1.tgz",
      "integrity": "sha1-inkaBsgjwJCIUbttxlt1gxhbrfE="
    },
    "split-lines": {
      "version": "1.1.0",
      "resolved": "https://registry.npmjs.org/split-lines/-/split-lines-1.1.0.tgz",
      "integrity": "sha1-Oruo9ZhhQUL5240nq2q4dWYqHgk="
    },
    "supports-color": {
      "version": "2.0.0",
      "resolved": "https://registry.npmjs.org/supports-color/-/supports-color-2.0.0.tgz",
      "integrity": "sha1-U10EXOa2Nj+kARcIRimZXp3zJMc="
    },
    "window-size": {
      "version": "0.3.0",
      "resolved": "https://registry.npmjs.org/window-size/-/window-size-0.3.0.tgz",
      "integrity": "sha1-uPC2bjJdIhYHUeSWM35EtFtydUY="
    }
  }
}
